# THIS IS AN AUTOGENERATED FILE. DO NOT EDIT THIS FILE DIRECTLY.
# yarn lockfile v1


"@types/plotly.js-dist-min@^2.3.1":
  version "2.3.1"
  resolved "https://registry.yarnpkg.com/@types/plotly.js-dist-min/-/plotly.js-dist-min-2.3.1.tgz#514745f5ddcfd25201b2c8d65fbc4f0497bd1d96"
  integrity sha512-9+rTvlyKDclIB9twal6ou6unUN6iTATLcRvakoFYaHGPnVRNe06LbUGOcgD8O+sddBFz3y2kS2hTKbUPGeVsHA==
  dependencies:
    "@types/plotly.js" "*"

"@types/plotly.js@*":
  version "2.12.13"
  resolved "https://registry.yarnpkg.com/@types/plotly.js/-/plotly.js-2.12.13.tgz#07e1b649245a38778480f0619004da79684f5939"
  integrity sha512-p/xo8LuJMxSvT/szkjgUJVlopRu049NZ+p46MpcSlovmO6tIgyzldm8kLUo9p24XE/5iZzGSTtvIUQjLwIUQxw==

plotly.js-dist-min@^2.18.0:
  version "2.18.0"
  resolved "https://registry.yarnpkg.com/plotly.js-dist-min/-/plotly.js-dist-min-2.18.0.tgz#3625f3cab81684c076ece8f64184e99f2e9e70e8"
  integrity sha512-IB++Ow7uvc4PZIH2sNZx/T3Zf/QBJ8M4UauADoz3GBumYuwgH2rqba2b1XS7xpmbnybIQUVnB2pCMeIpu9is7w==
