# THIS IS AN AUTOGENERATED FILE. DO NOT EDIT THIS FILE DIRECTLY.
# yarn lockfile v1


plotly.js-dist-min@^2.18.0:
  version "2.18.0"
  resolved "https://registry.yarnpkg.com/plotly.js-dist-min/-/plotly.js-dist-min-2.18.0.tgz#3625f3cab81684c076ece8f64184e99f2e9e70e8"
  integrity sha512-IB++Ow7uvc4PZIH2sNZx/T3Zf/QBJ8M4UauADoz3GBumYuwgH2rqba2b1XS7xpmbnybIQUVnB2pCMeIpu9is7w==
